# This file is autogenerated, do not edit; changes may be undone by the next 'dep ensure'.


[[projects]]
  branch = "master"
  digest = "1:8d04caa034b500aede9a677bf0f2c75e47611104df93e34a11f12e35a77f1a8c"
  name = "code.cloudfoundry.org/tlsconfig"
  packages = ["."]
  pruneopts = "UT"
  revision = "462f72de110612406f0bc2e208bb43810df91b5f"

[[projects]]
  digest = "1:416e78effdb882305bf09f48fe367621a4b4ee1111d3a79b4f37d3218cf84733"
  name = "github.com/nats-io/jwt"
  packages = ["."]
  pruneopts = "UT"
  revision = "625014e57f890a243f21f817b72a0849673f632a"
  version = "v0.3.0"

[[projects]]
  digest = "1:b64b5d7c970eb246c740246b8e773df7f5e4736a2e49470aec87c9236a2e7841"
  name = "github.com/nats-io/nats.go"
  packages = [
    ".",
    "bench",
    "encoders/builtin",
    "util",
  ]
  pruneopts = "UT"
  revision = "6063d679d23ae5b3edb4030d5e89a6e30ea53bc6"
  version = "v1.9.1"

[[projects]]
  digest = "1:7cd07cefacf6d1e85399a47a68b32f4b8bef8ca12705bc46efb7d45c0dccb4af"
  name = "github.com/nats-io/nkeys"
  packages = ["."]
  pruneopts = "UT"
  revision = "abe9e4e0a640435d624e757a9110b0e59f0b6b2c"
  version = "v0.1.2"

[[projects]]
  digest = "1:599f3202ce0a754144ddc4be4c6df9c6ab27b1d722a63ede6b2e0c3a2cc338a8"
  name = "github.com/nats-io/nuid"
  packages = ["."]
  pruneopts = "UT"
  revision = "4b96681fa6d28dd0ab5fe79bac63b3a493d9ee94"
  version = "v1.0.1"

[[projects]]
  branch = "master"
  digest = "1:cd7e85fc3687e062714febdee3e8efeb00a413a2a620d28908fd0258261d2353"
  name = "golang.org/x/crypto"
  packages = [
    "ed25519",
    "ed25519/internal/edwards25519",
  ]
  pruneopts = "UT"
  revision = "f4817d981bb690635456c5c1c6aa0585e5d45891"

[solve-meta]
  analyzer-name = "dep"
  analyzer-version = 1
  input-imports = [
    "code.cloudfoundry.org/tlsconfig",
    "github.com/nats-io/nats.go",
    "github.com/nats-io/nats.go/bench",
  ]
  solver-name = "gps-cdcl"
  solver-version = 1
