# This file is autogenerated, do not edit; changes may be undone by the next 'dep ensure'.


[[projects]]
  branch = "master"
  digest = "1:8d04caa034b500aede9a677bf0f2c75e47611104df93e34a11f12e35a77f1a8c"
  name = "code.cloudfoundry.org/tlsconfig"
  packages = ["."]
  pruneopts = "UT"
  revision = "462f72de110612406f0bc2e208bb43810df91b5f"

[[projects]]
  digest = "1:0923946dc9acc1aeb0cdee47c1bf85cb7662562ecb2ddae1f73bbd34c322ecfe"
  name = "github.com/nats-io/go-nats"
  packages = [
    ".",
    "encoders/builtin",
    "util",
  ]
  pruneopts = "UT"
  revision = "d66cb54e6b7bdd93f0b28afc8450d84c780dfb68"
  version = "v1.4.0"

[[projects]]
  digest = "1:c3cd663f2f30b92536b9f290ac85c6310dae36a14cb8961553ae9ccf0d85ae41"
  name = "github.com/nats-io/nuid"
  packages = ["."]
  pruneopts = "UT"
  revision = "289cccf02c178dc782430d534e3c1f5b72af807f"
  version = "v1.0.0"

[solve-meta]
  analyzer-name = "dep"
  analyzer-version = 1
  input-imports = [
    "code.cloudfoundry.org/tlsconfig",
    "github.com/nats-io/go-nats",
  ]
  solver-name = "gps-cdcl"
  solver-version = 1
